// !$*UTF8*$!
{
	archiveVersion = 1;
	classes = {
	};
	objectVersion = 56;
	objects = {

/* Begin PBXBuildFile section */
		5E0431B40528FCA31E67EEDF /* Pods_Ludi_Sports.framework in Frameworks */ = {isa = PBXBuildFile; fileRef = A6CBC53586060C25B5E04217 /* Pods_Ludi_Sports.framework */; };
		78F51E282A0C12F7003D83A0 /* SportTableView.swift in Sources */ = {isa = PBXBuildFile; fileRef = 78F51E272A0C12F7003D83A0 /* SportTableView.swift */; };
		78F51E2A2A0C1302003D83A0 /* SportTableViewCell.swift in Sources */ = {isa = PBXBuildFile; fileRef = 78F51E292A0C1302003D83A0 /* SportTableViewCell.swift */; };
		78F51E2C2A0C1DB3003D83A0 /* TeamTableView.swift in Sources */ = {isa = PBXBuildFile; fileRef = 78F51E2B2A0C1DB3003D83A0 /* TeamTableView.swift */; };
		78F51E2E2A0C1DCB003D83A0 /* TeamTableViewCell.swift in Sources */ = {isa = PBXBuildFile; fileRef = 78F51E2D2A0C1DCB003D83A0 /* TeamTableViewCell.swift */; };
		78F51E302A0E9EAD003D83A0 /* FireTeam.swift in Sources */ = {isa = PBXBuildFile; fileRef = 78F51E2F2A0E9EAD003D83A0 /* FireTeam.swift */; };
		FB06D71D29F7029E00E2E26B /* AppDelegate.swift in Sources */ = {isa = PBXBuildFile; fileRef = FB06D71C29F7029E00E2E26B /* AppDelegate.swift */; };
		FB06D71F29F7029E00E2E26B /* SceneDelegate.swift in Sources */ = {isa = PBXBuildFile; fileRef = FB06D71E29F7029E00E2E26B /* SceneDelegate.swift */; };
		FB06D72429F7029E00E2E26B /* Main.storyboard in Resources */ = {isa = PBXBuildFile; fileRef = FB06D72229F7029E00E2E26B /* Main.storyboard */; };
		FB06D72629F7029F00E2E26B /* Assets.xcassets in Resources */ = {isa = PBXBuildFile; fileRef = FB06D72529F7029F00E2E26B /* Assets.xcassets */; };
		FB06D72929F7029F00E2E26B /* LaunchScreen.storyboard in Resources */ = {isa = PBXBuildFile; fileRef = FB06D72729F7029F00E2E26B /* LaunchScreen.storyboard */; };
		FB06D73229F7044F00E2E26B /* Realm in Frameworks */ = {isa = PBXBuildFile; productRef = FB06D73129F7044F00E2E26B /* Realm */; };
		FB06D73429F7044F00E2E26B /* RealmSwift in Frameworks */ = {isa = PBXBuildFile; productRef = FB06D73329F7044F00E2E26B /* RealmSwift */; };
		FB06D73629F7075F00E2E26B /* GoogleService-Info.plist in Resources */ = {isa = PBXBuildFile; fileRef = FB06D73529F7075F00E2E26B /* GoogleService-Info.plist */; };
		FB06D73829F7086F00E2E26B /* AuthController.swift in Sources */ = {isa = PBXBuildFile; fileRef = FB06D73729F7086F00E2E26B /* AuthController.swift */; };
		FB06D73C29F7098E00E2E26B /* RealmInstance.swift in Sources */ = {isa = PBXBuildFile; fileRef = FB06D73B29F7098E00E2E26B /* RealmInstance.swift */; };
		FB06D73E29F70FBA00E2E26B /* User.swift in Sources */ = {isa = PBXBuildFile; fileRef = FB06D73D29F70FBA00E2E26B /* User.swift */; };
		FB06D74029F7101400E2E26B /* LudiSystem.swift in Sources */ = {isa = PBXBuildFile; fileRef = FB06D73F29F7101400E2E26B /* LudiSystem.swift */; };
		FB06D74329F710DD00E2E26B /* DateTime.swift in Sources */ = {isa = PBXBuildFile; fileRef = FB06D74229F710DD00E2E26B /* DateTime.swift */; };
		FB06D74529F7110300E2E26B /* Coach.swift in Sources */ = {isa = PBXBuildFile; fileRef = FB06D74429F7110300E2E26B /* Coach.swift */; };
		FB06D74729F7110C00E2E26B /* Parent.swift in Sources */ = {isa = PBXBuildFile; fileRef = FB06D74629F7110C00E2E26B /* Parent.swift */; };
		FB06D74929F7111500E2E26B /* Player.swift in Sources */ = {isa = PBXBuildFile; fileRef = FB06D74829F7111500E2E26B /* Player.swift */; };
		FB06D74B29F74A7C00E2E26B /* Team.swift in Sources */ = {isa = PBXBuildFile; fileRef = FB06D74A29F74A7C00E2E26B /* Team.swift */; };
		FB06D74D29F74A8900E2E26B /* PlayerRef.swift in Sources */ = {isa = PBXBuildFile; fileRef = FB06D74C29F74A8900E2E26B /* PlayerRef.swift */; };
		FB06D74F29F74A8B00E2E26B /* Roster.swift in Sources */ = {isa = PBXBuildFile; fileRef = FB06D74E29F74A8B00E2E26B /* Roster.swift */; };
		FB06D75129F74A8D00E2E26B /* TryOut.swift in Sources */ = {isa = PBXBuildFile; fileRef = FB06D75029F74A8D00E2E26B /* TryOut.swift */; };
		FB06D75329F74A8F00E2E26B /* Chat.swift in Sources */ = {isa = PBXBuildFile; fileRef = FB06D75229F74A8E00E2E26B /* Chat.swift */; };
		FB06D75529F74A9000E2E26B /* Note.swift in Sources */ = {isa = PBXBuildFile; fileRef = FB06D75429F74A9000E2E26B /* Note.swift */; };
		FB06D75729F74A9200E2E26B /* Organization.swift in Sources */ = {isa = PBXBuildFile; fileRef = FB06D75629F74A9200E2E26B /* Organization.swift */; };
		FB06D75929F74AD400E2E26B /* League.swift in Sources */ = {isa = PBXBuildFile; fileRef = FB06D75829F74AD400E2E26B /* League.swift */; };
		FB06D75B29F74AD500E2E26B /* Service.swift in Sources */ = {isa = PBXBuildFile; fileRef = FB06D75A29F74AD500E2E26B /* Service.swift */; };
		FB06D75D29F74AD800E2E26B /* Sport.swift in Sources */ = {isa = PBXBuildFile; fileRef = FB06D75C29F74AD800E2E26B /* Sport.swift */; };
		FB06D75F29F74ADA00E2E26B /* Location.swift in Sources */ = {isa = PBXBuildFile; fileRef = FB06D75E29F74ADA00E2E26B /* Location.swift */; };
		FB06D76129F74AFF00E2E26B /* CustomAttribute.swift in Sources */ = {isa = PBXBuildFile; fileRef = FB06D76029F74AFF00E2E26B /* CustomAttribute.swift */; };
		FB06D76629F751E400E2E26B /* ModeProvider.swift in Sources */ = {isa = PBXBuildFile; fileRef = FB06D76529F751E400E2E26B /* ModeProvider.swift */; };
		FB06D76929F7541C00E2E26B /* RealmFind.swift in Sources */ = {isa = PBXBuildFile; fileRef = FB06D76829F7541C00E2E26B /* RealmFind.swift */; };
		FB06D76C29F7547600E2E26B /* TeamSession.swift in Sources */ = {isa = PBXBuildFile; fileRef = FB06D76B29F7547600E2E26B /* TeamSession.swift */; };
		FB06D76E29F7547A00E2E26B /* RosterSession.swift in Sources */ = {isa = PBXBuildFile; fileRef = FB06D76D29F7547A00E2E26B /* RosterSession.swift */; };
		FB06D77029F866FC00E2E26B /* FireCore.swift in Sources */ = {isa = PBXBuildFile; fileRef = FB06D76F29F866FC00E2E26B /* FireCore.swift */; };
		FB06D77329F8747300E2E26B /* LudiLoginViewController.swift in Sources */ = {isa = PBXBuildFile; fileRef = FB06D77229F8747300E2E26B /* LudiLoginViewController.swift */; };
		FB06D77529F875D900E2E26B /* FireLogin.swift in Sources */ = {isa = PBXBuildFile; fileRef = FB06D77429F875D900E2E26B /* FireLogin.swift */; };
		FB06D77729F8774B00E2E26B /* FireParser.swift in Sources */ = {isa = PBXBuildFile; fileRef = FB06D77629F8774B00E2E26B /* FireParser.swift */; };
		FB06D77929F8775C00E2E26B /* RealmParser.swift in Sources */ = {isa = PBXBuildFile; fileRef = FB06D77829F8775C00E2E26B /* RealmParser.swift */; };
		FB06D77B29F87EBE00E2E26B /* DashboardViewController.swift in Sources */ = {isa = PBXBuildFile; fileRef = FB06D77A29F87EBE00E2E26B /* DashboardViewController.swift */; };
		FB41556729F8F475000DC692 /* LudiSignUpViewController.swift in Sources */ = {isa = PBXBuildFile; fileRef = FB41556629F8F475000DC692 /* LudiSignUpViewController.swift */; };
		FB41556929F8F48D000DC692 /* ProviderLoginViewController.swift in Sources */ = {isa = PBXBuildFile; fileRef = FB41556829F8F48D000DC692 /* ProviderLoginViewController.swift */; };
		FB41556B29F8FA9B000DC692 /* Extensions.swift in Sources */ = {isa = PBXBuildFile; fileRef = FB41556A29F8FA9B000DC692 /* Extensions.swift */; };
		FB41556E29F9D1E9000DC692 /* TeamLiveDat.swift in Sources */ = {isa = PBXBuildFile; fileRef = FB41556D29F9D1E9000DC692 /* TeamLiveDat.swift */; };
		FB41557029FA3004000DC692 /* FireSports.swift in Sources */ = {isa = PBXBuildFile; fileRef = FB41556F29FA3004000DC692 /* FireSports.swift */; };
		FB41557229FA30CF000DC692 /* FireData.swift in Sources */ = {isa = PBXBuildFile; fileRef = FB41557129FA30CF000DC692 /* FireData.swift */; };
/* End PBXBuildFile section */

/* Begin PBXFileReference section */
		78F51E272A0C12F7003D83A0 /* SportTableView.swift */ = {isa = PBXFileReference; lastKnownFileType = sourcecode.swift; path = SportTableView.swift; sourceTree = "<group>"; };
		78F51E292A0C1302003D83A0 /* SportTableViewCell.swift */ = {isa = PBXFileReference; lastKnownFileType = sourcecode.swift; path = SportTableViewCell.swift; sourceTree = "<group>"; };
		78F51E2B2A0C1DB3003D83A0 /* TeamTableView.swift */ = {isa = PBXFileReference; lastKnownFileType = sourcecode.swift; path = TeamTableView.swift; sourceTree = "<group>"; };
		78F51E2D2A0C1DCB003D83A0 /* TeamTableViewCell.swift */ = {isa = PBXFileReference; lastKnownFileType = sourcecode.swift; path = TeamTableViewCell.swift; sourceTree = "<group>"; };
		78F51E2F2A0E9EAD003D83A0 /* FireTeam.swift */ = {isa = PBXFileReference; lastKnownFileType = sourcecode.swift; path = FireTeam.swift; sourceTree = "<group>"; };
		A6CBC53586060C25B5E04217 /* Pods_Ludi_Sports.framework */ = {isa = PBXFileReference; explicitFileType = wrapper.framework; includeInIndex = 0; path = Pods_Ludi_Sports.framework; sourceTree = BUILT_PRODUCTS_DIR; };
		AB98E4A186E52EEF5BC87B8E /* Pods-Ludi Sports.release.xcconfig */ = {isa = PBXFileReference; includeInIndex = 1; lastKnownFileType = text.xcconfig; name = "Pods-Ludi Sports.release.xcconfig"; path = "Target Support Files/Pods-Ludi Sports/Pods-Ludi Sports.release.xcconfig"; sourceTree = "<group>"; };
		BB0027EB78E0697BF0701676 /* Pods-Ludi Sports.debug.xcconfig */ = {isa = PBXFileReference; includeInIndex = 1; lastKnownFileType = text.xcconfig; name = "Pods-Ludi Sports.debug.xcconfig"; path = "Target Support Files/Pods-Ludi Sports/Pods-Ludi Sports.debug.xcconfig"; sourceTree = "<group>"; };
		FB06D71929F7029E00E2E26B /* Ludi Sports.app */ = {isa = PBXFileReference; explicitFileType = wrapper.application; includeInIndex = 0; path = "Ludi Sports.app"; sourceTree = BUILT_PRODUCTS_DIR; };
		FB06D71C29F7029E00E2E26B /* AppDelegate.swift */ = {isa = PBXFileReference; lastKnownFileType = sourcecode.swift; path = AppDelegate.swift; sourceTree = "<group>"; };
		FB06D71E29F7029E00E2E26B /* SceneDelegate.swift */ = {isa = PBXFileReference; lastKnownFileType = sourcecode.swift; path = SceneDelegate.swift; sourceTree = "<group>"; };
		FB06D72329F7029E00E2E26B /* Base */ = {isa = PBXFileReference; lastKnownFileType = file.storyboard; name = Base; path = Base.lproj/Main.storyboard; sourceTree = "<group>"; };
		FB06D72529F7029F00E2E26B /* Assets.xcassets */ = {isa = PBXFileReference; lastKnownFileType = folder.assetcatalog; path = Assets.xcassets; sourceTree = "<group>"; };
		FB06D72829F7029F00E2E26B /* Base */ = {isa = PBXFileReference; lastKnownFileType = file.storyboard; name = Base; path = Base.lproj/LaunchScreen.storyboard; sourceTree = "<group>"; };
		FB06D72A29F7029F00E2E26B /* Info.plist */ = {isa = PBXFileReference; lastKnownFileType = text.plist.xml; path = Info.plist; sourceTree = "<group>"; };
		FB06D73529F7075F00E2E26B /* GoogleService-Info.plist */ = {isa = PBXFileReference; fileEncoding = 4; lastKnownFileType = text.plist.xml; name = "GoogleService-Info.plist"; path = "../GoogleService-Info.plist"; sourceTree = "<group>"; };
		FB06D73729F7086F00E2E26B /* AuthController.swift */ = {isa = PBXFileReference; lastKnownFileType = sourcecode.swift; path = AuthController.swift; sourceTree = "<group>"; };
		FB06D73B29F7098E00E2E26B /* RealmInstance.swift */ = {isa = PBXFileReference; lastKnownFileType = sourcecode.swift; path = RealmInstance.swift; sourceTree = "<group>"; };
		FB06D73D29F70FBA00E2E26B /* User.swift */ = {isa = PBXFileReference; lastKnownFileType = sourcecode.swift; path = User.swift; sourceTree = "<group>"; };
		FB06D73F29F7101400E2E26B /* LudiSystem.swift */ = {isa = PBXFileReference; lastKnownFileType = sourcecode.swift; path = LudiSystem.swift; sourceTree = "<group>"; };
		FB06D74229F710DD00E2E26B /* DateTime.swift */ = {isa = PBXFileReference; lastKnownFileType = sourcecode.swift; path = DateTime.swift; sourceTree = "<group>"; };
		FB06D74429F7110300E2E26B /* Coach.swift */ = {isa = PBXFileReference; lastKnownFileType = sourcecode.swift; path = Coach.swift; sourceTree = "<group>"; };
		FB06D74629F7110C00E2E26B /* Parent.swift */ = {isa = PBXFileReference; lastKnownFileType = sourcecode.swift; path = Parent.swift; sourceTree = "<group>"; };
		FB06D74829F7111500E2E26B /* Player.swift */ = {isa = PBXFileReference; lastKnownFileType = sourcecode.swift; path = Player.swift; sourceTree = "<group>"; };
		FB06D74A29F74A7C00E2E26B /* Team.swift */ = {isa = PBXFileReference; lastKnownFileType = sourcecode.swift; path = Team.swift; sourceTree = "<group>"; };
		FB06D74C29F74A8900E2E26B /* PlayerRef.swift */ = {isa = PBXFileReference; lastKnownFileType = sourcecode.swift; path = PlayerRef.swift; sourceTree = "<group>"; };
		FB06D74E29F74A8B00E2E26B /* Roster.swift */ = {isa = PBXFileReference; lastKnownFileType = sourcecode.swift; path = Roster.swift; sourceTree = "<group>"; };
		FB06D75029F74A8D00E2E26B /* TryOut.swift */ = {isa = PBXFileReference; lastKnownFileType = sourcecode.swift; path = TryOut.swift; sourceTree = "<group>"; };
		FB06D75229F74A8E00E2E26B /* Chat.swift */ = {isa = PBXFileReference; lastKnownFileType = sourcecode.swift; path = Chat.swift; sourceTree = "<group>"; };
		FB06D75429F74A9000E2E26B /* Note.swift */ = {isa = PBXFileReference; lastKnownFileType = sourcecode.swift; path = Note.swift; sourceTree = "<group>"; };
		FB06D75629F74A9200E2E26B /* Organization.swift */ = {isa = PBXFileReference; lastKnownFileType = sourcecode.swift; path = Organization.swift; sourceTree = "<group>"; };
		FB06D75829F74AD400E2E26B /* League.swift */ = {isa = PBXFileReference; lastKnownFileType = sourcecode.swift; path = League.swift; sourceTree = "<group>"; };
		FB06D75A29F74AD500E2E26B /* Service.swift */ = {isa = PBXFileReference; lastKnownFileType = sourcecode.swift; path = Service.swift; sourceTree = "<group>"; };
		FB06D75C29F74AD800E2E26B /* Sport.swift */ = {isa = PBXFileReference; lastKnownFileType = sourcecode.swift; path = Sport.swift; sourceTree = "<group>"; };
		FB06D75E29F74ADA00E2E26B /* Location.swift */ = {isa = PBXFileReference; lastKnownFileType = sourcecode.swift; path = Location.swift; sourceTree = "<group>"; };
		FB06D76029F74AFF00E2E26B /* CustomAttribute.swift */ = {isa = PBXFileReference; lastKnownFileType = sourcecode.swift; path = CustomAttribute.swift; sourceTree = "<group>"; };
		FB06D76529F751E400E2E26B /* ModeProvider.swift */ = {isa = PBXFileReference; lastKnownFileType = sourcecode.swift; path = ModeProvider.swift; sourceTree = "<group>"; };
		FB06D76829F7541C00E2E26B /* RealmFind.swift */ = {isa = PBXFileReference; lastKnownFileType = sourcecode.swift; path = RealmFind.swift; sourceTree = "<group>"; };
		FB06D76B29F7547600E2E26B /* TeamSession.swift */ = {isa = PBXFileReference; lastKnownFileType = sourcecode.swift; path = TeamSession.swift; sourceTree = "<group>"; };
		FB06D76D29F7547A00E2E26B /* RosterSession.swift */ = {isa = PBXFileReference; lastKnownFileType = sourcecode.swift; path = RosterSession.swift; sourceTree = "<group>"; };
		FB06D76F29F866FC00E2E26B /* FireCore.swift */ = {isa = PBXFileReference; lastKnownFileType = sourcecode.swift; path = FireCore.swift; sourceTree = "<group>"; };
		FB06D77229F8747300E2E26B /* LudiLoginViewController.swift */ = {isa = PBXFileReference; lastKnownFileType = sourcecode.swift; path = LudiLoginViewController.swift; sourceTree = "<group>"; };
		FB06D77429F875D900E2E26B /* FireLogin.swift */ = {isa = PBXFileReference; lastKnownFileType = sourcecode.swift; path = FireLogin.swift; sourceTree = "<group>"; };
		FB06D77629F8774B00E2E26B /* FireParser.swift */ = {isa = PBXFileReference; lastKnownFileType = sourcecode.swift; path = FireParser.swift; sourceTree = "<group>"; };
		FB06D77829F8775C00E2E26B /* RealmParser.swift */ = {isa = PBXFileReference; lastKnownFileType = sourcecode.swift; path = RealmParser.swift; sourceTree = "<group>"; };
		FB06D77A29F87EBE00E2E26B /* DashboardViewController.swift */ = {isa = PBXFileReference; lastKnownFileType = sourcecode.swift; path = DashboardViewController.swift; sourceTree = "<group>"; };
		FB41556629F8F475000DC692 /* LudiSignUpViewController.swift */ = {isa = PBXFileReference; lastKnownFileType = sourcecode.swift; path = LudiSignUpViewController.swift; sourceTree = "<group>"; };
		FB41556829F8F48D000DC692 /* ProviderLoginViewController.swift */ = {isa = PBXFileReference; lastKnownFileType = sourcecode.swift; path = ProviderLoginViewController.swift; sourceTree = "<group>"; };
		FB41556A29F8FA9B000DC692 /* Extensions.swift */ = {isa = PBXFileReference; lastKnownFileType = sourcecode.swift; path = Extensions.swift; sourceTree = "<group>"; };
		FB41556D29F9D1E9000DC692 /* TeamLiveDat.swift */ = {isa = PBXFileReference; lastKnownFileType = sourcecode.swift; path = TeamLiveDat.swift; sourceTree = "<group>"; };
		FB41556F29FA3004000DC692 /* FireSports.swift */ = {isa = PBXFileReference; lastKnownFileType = sourcecode.swift; path = FireSports.swift; sourceTree = "<group>"; };
		FB41557129FA30CF000DC692 /* FireData.swift */ = {isa = PBXFileReference; lastKnownFileType = sourcecode.swift; path = FireData.swift; sourceTree = "<group>"; };
/* End PBXFileReference section */

/* Begin PBXFrameworksBuildPhase section */
		FB06D71629F7029E00E2E26B /* Frameworks */ = {
			isa = PBXFrameworksBuildPhase;
			buildActionMask = 2147483647;
			files = (
				FB06D73429F7044F00E2E26B /* RealmSwift in Frameworks */,
				FB06D73229F7044F00E2E26B /* Realm in Frameworks */,
				5E0431B40528FCA31E67EEDF /* Pods_Ludi_Sports.framework in Frameworks */,
			);
			runOnlyForDeploymentPostprocessing = 0;
		};
/* End PBXFrameworksBuildPhase section */

/* Begin PBXGroup section */
		053E28495A7F3329C1B14D66 /* Pods */ = {
			isa = PBXGroup;
			children = (
				BB0027EB78E0697BF0701676 /* Pods-Ludi Sports.debug.xcconfig */,
				AB98E4A186E52EEF5BC87B8E /* Pods-Ludi Sports.release.xcconfig */,
			);
			path = Pods;
			sourceTree = "<group>";
		};
		2AC107BA619AB357ED03EAE9 /* Frameworks */ = {
			isa = PBXGroup;
			children = (
				A6CBC53586060C25B5E04217 /* Pods_Ludi_Sports.framework */,
			);
			name = Frameworks;
			sourceTree = "<group>";
		};
		78F51E262A0C12E7003D83A0 /* Views */ = {
			isa = PBXGroup;
			children = (
				78F51E272A0C12F7003D83A0 /* SportTableView.swift */,
				78F51E292A0C1302003D83A0 /* SportTableViewCell.swift */,
				78F51E2B2A0C1DB3003D83A0 /* TeamTableView.swift */,
				78F51E2D2A0C1DCB003D83A0 /* TeamTableViewCell.swift */,
				FB41556629F8F475000DC692 /* LudiSignUpViewController.swift */,
			);
			path = Views;
			sourceTree = "<group>";
		};
		FB06D71029F7029E00E2E26B = {
			isa = PBXGroup;
			children = (
				FB06D71B29F7029E00E2E26B /* Ludi Sports */,
				FB06D71A29F7029E00E2E26B /* Products */,
				053E28495A7F3329C1B14D66 /* Pods */,
				2AC107BA619AB357ED03EAE9 /* Frameworks */,
			);
			sourceTree = "<group>";
		};
		FB06D71A29F7029E00E2E26B /* Products */ = {
			isa = PBXGroup;
			children = (
				FB06D71929F7029E00E2E26B /* Ludi Sports.app */,
			);
			name = Products;
			sourceTree = "<group>";
		};
		FB06D71B29F7029E00E2E26B /* Ludi Sports */ = {
			isa = PBXGroup;
			children = (
				FB06D76429F751CD00E2E26B /* ui */,
				FB06D76329F751C500E2E26B /* firebase */,
				FB06D76229F751BF00E2E26B /* providers */,
				FB06D74129F710CF00E2E26B /* utils */,
				FB06D73929F7096500E2E26B /* realm */,
				FB06D71C29F7029E00E2E26B /* AppDelegate.swift */,
				FB06D71E29F7029E00E2E26B /* SceneDelegate.swift */,
				FB06D72229F7029E00E2E26B /* Main.storyboard */,
				FB06D72529F7029F00E2E26B /* Assets.xcassets */,
				FB06D72729F7029F00E2E26B /* LaunchScreen.storyboard */,
				FB06D73529F7075F00E2E26B /* GoogleService-Info.plist */,
				FB06D72A29F7029F00E2E26B /* Info.plist */,
				FB06D73729F7086F00E2E26B /* AuthController.swift */,
				FB06D73F29F7101400E2E26B /* LudiSystem.swift */,
			);
			path = "Ludi Sports";
			sourceTree = "<group>";
		};
		FB06D73929F7096500E2E26B /* realm */ = {
			isa = PBXGroup;
			children = (
				FB06D76A29F7546700E2E26B /* local */,
				FB06D76729F7540800E2E26B /* extentions */,
				FB06D73A29F7097500E2E26B /* models */,
				FB06D73B29F7098E00E2E26B /* RealmInstance.swift */,
			);
			path = realm;
			sourceTree = "<group>";
		};
		FB06D73A29F7097500E2E26B /* models */ = {
			isa = PBXGroup;
			children = (
				FB06D74629F7110C00E2E26B /* Parent.swift */,
				FB06D74829F7111500E2E26B /* Player.swift */,
				FB06D73D29F70FBA00E2E26B /* User.swift */,
				FB06D74429F7110300E2E26B /* Coach.swift */,
				FB06D74C29F74A8900E2E26B /* PlayerRef.swift */,
				FB06D74E29F74A8B00E2E26B /* Roster.swift */,
				FB06D75029F74A8D00E2E26B /* TryOut.swift */,
				FB06D75629F74A9200E2E26B /* Organization.swift */,
				FB06D75429F74A9000E2E26B /* Note.swift */,
				FB06D75229F74A8E00E2E26B /* Chat.swift */,
				FB06D75E29F74ADA00E2E26B /* Location.swift */,
				FB06D75C29F74AD800E2E26B /* Sport.swift */,
				FB06D75A29F74AD500E2E26B /* Service.swift */,
				FB06D75829F74AD400E2E26B /* League.swift */,
				FB06D76029F74AFF00E2E26B /* CustomAttribute.swift */,
				FB06D74A29F74A7C00E2E26B /* Team.swift */,
			);
			path = models;
			sourceTree = "<group>";
		};
		FB06D74129F710CF00E2E26B /* utils */ = {
			isa = PBXGroup;
			children = (
				FB06D74229F710DD00E2E26B /* DateTime.swift */,
				FB41556A29F8FA9B000DC692 /* Extensions.swift */,
			);
			path = utils;
			sourceTree = "<group>";
		};
		FB06D76229F751BF00E2E26B /* providers */ = {
			isa = PBXGroup;
			children = (
				FB41556C29F9D1D4000DC692 /* LiveData */,
				FB06D76529F751E400E2E26B /* ModeProvider.swift */,
			);
			path = providers;
			sourceTree = "<group>";
		};
		FB06D76329F751C500E2E26B /* firebase */ = {
			isa = PBXGroup;
			children = (
				FB06D76F29F866FC00E2E26B /* FireCore.swift */,
				FB06D77429F875D900E2E26B /* FireLogin.swift */,
				FB06D77629F8774B00E2E26B /* FireParser.swift */,
				FB41556F29FA3004000DC692 /* FireSports.swift */,
				FB41557129FA30CF000DC692 /* FireData.swift */,
				78F51E2F2A0E9EAD003D83A0 /* FireTeam.swift */,
			);
			path = firebase;
			sourceTree = "<group>";
		};
		FB06D76429F751CD00E2E26B /* ui */ = {
			isa = PBXGroup;
			children = (
				78F51E262A0C12E7003D83A0 /* Views */,
				FB06D77129F8743D00E2E26B /* login */,
				FB06D77A29F87EBE00E2E26B /* DashboardViewController.swift */,
			);
			path = ui;
			sourceTree = "<group>";
		};
		FB06D76729F7540800E2E26B /* extentions */ = {
			isa = PBXGroup;
			children = (
				FB06D76829F7541C00E2E26B /* RealmFind.swift */,
				FB06D77829F8775C00E2E26B /* RealmParser.swift */,
			);
			path = extentions;
			sourceTree = "<group>";
		};
		FB06D76A29F7546700E2E26B /* local */ = {
			isa = PBXGroup;
			children = (
				FB06D76D29F7547A00E2E26B /* RosterSession.swift */,
				FB06D76B29F7547600E2E26B /* TeamSession.swift */,
			);
			path = local;
			sourceTree = "<group>";
		};
		FB06D77129F8743D00E2E26B /* login */ = {
			isa = PBXGroup;
			children = (
				FB06D77229F8747300E2E26B /* LudiLoginViewController.swift */,
				FB41556829F8F48D000DC692 /* ProviderLoginViewController.swift */,
			);
			path = login;
			sourceTree = "<group>";
		};
		FB41556C29F9D1D4000DC692 /* LiveData */ = {
			isa = PBXGroup;
			children = (
				FB41556D29F9D1E9000DC692 /* TeamLiveDat.swift */,
			);
			path = LiveData;
			sourceTree = "<group>";
		};
/* End PBXGroup section */

/* Begin PBXNativeTarget section */
		FB06D71829F7029E00E2E26B /* Ludi Sports */ = {
			isa = PBXNativeTarget;
			buildConfigurationList = FB06D72D29F7029F00E2E26B /* Build configuration list for PBXNativeTarget "Ludi Sports" */;
			buildPhases = (
				918DF2478AC90F33EED44D05 /* [CP] Check Pods Manifest.lock */,
				FB06D71529F7029E00E2E26B /* Sources */,
				FB06D71629F7029E00E2E26B /* Frameworks */,
				FB06D71729F7029E00E2E26B /* Resources */,
				80715F4B32163B27A08CF9BB /* [CP] Embed Pods Frameworks */,
			);
			buildRules = (
			);
			dependencies = (
			);
			name = "Ludi Sports";
			packageProductDependencies = (
				FB06D73129F7044F00E2E26B /* Realm */,
				FB06D73329F7044F00E2E26B /* RealmSwift */,
			);
			productName = "Ludi Sports";
			productReference = FB06D71929F7029E00E2E26B /* Ludi Sports.app */;
			productType = "com.apple.product-type.application";
		};
/* End PBXNativeTarget section */

/* Begin PBXProject section */
		FB06D71129F7029E00E2E26B /* Project object */ = {
			isa = PBXProject;
			attributes = {
				BuildIndependentTargetsInParallel = 1;
				LastSwiftUpdateCheck = 1420;
				LastUpgradeCheck = 1420;
				TargetAttributes = {
					FB06D71829F7029E00E2E26B = {
						CreatedOnToolsVersion = 14.2;
					};
				};
			};
			buildConfigurationList = FB06D71429F7029E00E2E26B /* Build configuration list for PBXProject "Ludi Sports" */;
			compatibilityVersion = "Xcode 14.0";
			developmentRegion = en;
			hasScannedForEncodings = 0;
			knownRegions = (
				en,
				Base,
			);
			mainGroup = FB06D71029F7029E00E2E26B;
			packageReferences = (
				FB06D73029F7044F00E2E26B /* XCRemoteSwiftPackageReference "realm-swift" */,
			);
			productRefGroup = FB06D71A29F7029E00E2E26B /* Products */;
			projectDirPath = "";
			projectRoot = "";
			targets = (
				FB06D71829F7029E00E2E26B /* Ludi Sports */,
			);
		};
/* End PBXProject section */

/* Begin PBXResourcesBuildPhase section */
		FB06D71729F7029E00E2E26B /* Resources */ = {
			isa = PBXResourcesBuildPhase;
			buildActionMask = 2147483647;
			files = (
				FB06D72929F7029F00E2E26B /* LaunchScreen.storyboard in Resources */,
				FB06D73629F7075F00E2E26B /* GoogleService-Info.plist in Resources */,
				FB06D72629F7029F00E2E26B /* Assets.xcassets in Resources */,
				FB06D72429F7029E00E2E26B /* Main.storyboard in Resources */,
			);
			runOnlyForDeploymentPostprocessing = 0;
		};
/* End PBXResourcesBuildPhase section */

/* Begin PBXShellScriptBuildPhase section */
		80715F4B32163B27A08CF9BB /* [CP] Embed Pods Frameworks */ = {
			isa = PBXShellScriptBuildPhase;
			buildActionMask = 2147483647;
			files = (
			);
			inputFileListPaths = (
				"${PODS_ROOT}/Target Support Files/Pods-Ludi Sports/Pods-Ludi Sports-frameworks-${CONFIGURATION}-input-files.xcfilelist",
			);
			name = "[CP] Embed Pods Frameworks";
			outputFileListPaths = (
				"${PODS_ROOT}/Target Support Files/Pods-Ludi Sports/Pods-Ludi Sports-frameworks-${CONFIGURATION}-output-files.xcfilelist",
			);
			runOnlyForDeploymentPostprocessing = 0;
			shellPath = /bin/sh;
			shellScript = "\"${PODS_ROOT}/Target Support Files/Pods-Ludi Sports/Pods-Ludi Sports-frameworks.sh\"\n";
			showEnvVarsInLog = 0;
		};
		918DF2478AC90F33EED44D05 /* [CP] Check Pods Manifest.lock */ = {
			isa = PBXShellScriptBuildPhase;
			buildActionMask = 2147483647;
			files = (
			);
			inputFileListPaths = (
			);
			inputPaths = (
				"${PODS_PODFILE_DIR_PATH}/Podfile.lock",
				"${PODS_ROOT}/Manifest.lock",
			);
			name = "[CP] Check Pods Manifest.lock";
			outputFileListPaths = (
			);
			outputPaths = (
				"$(DERIVED_FILE_DIR)/Pods-Ludi Sports-checkManifestLockResult.txt",
			);
			runOnlyForDeploymentPostprocessing = 0;
			shellPath = /bin/sh;
			shellScript = "diff \"${PODS_PODFILE_DIR_PATH}/Podfile.lock\" \"${PODS_ROOT}/Manifest.lock\" > /dev/null\nif [ $? != 0 ] ; then\n    # print error to STDERR\n    echo \"error: The sandbox is not in sync with the Podfile.lock. Run 'pod install' or update your CocoaPods installation.\" >&2\n    exit 1\nfi\n# This output is used by Xcode 'outputs' to avoid re-running this script phase.\necho \"SUCCESS\" > \"${SCRIPT_OUTPUT_FILE_0}\"\n";
			showEnvVarsInLog = 0;
		};
/* End PBXShellScriptBuildPhase section */

/* Begin PBXSourcesBuildPhase section */
		FB06D71529F7029E00E2E26B /* Sources */ = {
			isa = PBXSourcesBuildPhase;
			buildActionMask = 2147483647;
			files = (
				FB06D77729F8774B00E2E26B /* FireParser.swift in Sources */,
				FB06D74D29F74A8900E2E26B /* PlayerRef.swift in Sources */,
				FB06D75F29F74ADA00E2E26B /* Location.swift in Sources */,
				FB06D74B29F74A7C00E2E26B /* Team.swift in Sources */,
				78F51E2E2A0C1DCB003D83A0 /* TeamTableViewCell.swift in Sources */,
				FB41556E29F9D1E9000DC692 /* TeamLiveDat.swift in Sources */,
				FB41556729F8F475000DC692 /* LudiSignUpViewController.swift in Sources */,
				FB06D76929F7541C00E2E26B /* RealmFind.swift in Sources */,
				FB06D77029F866FC00E2E26B /* FireCore.swift in Sources */,
				FB06D75329F74A8F00E2E26B /* Chat.swift in Sources */,
				FB06D75129F74A8D00E2E26B /* TryOut.swift in Sources */,
				FB41557029FA3004000DC692 /* FireSports.swift in Sources */,
				FB06D76629F751E400E2E26B /* ModeProvider.swift in Sources */,
				FB06D75529F74A9000E2E26B /* Note.swift in Sources */,
				78F51E282A0C12F7003D83A0 /* SportTableView.swift in Sources */,
				78F51E2A2A0C1302003D83A0 /* SportTableViewCell.swift in Sources */,
				FB06D77929F8775C00E2E26B /* RealmParser.swift in Sources */,
				FB06D77529F875D900E2E26B /* FireLogin.swift in Sources */,
				FB06D75929F74AD400E2E26B /* League.swift in Sources */,
				78F51E2C2A0C1DB3003D83A0 /* TeamTableView.swift in Sources */,
				FB06D76E29F7547A00E2E26B /* RosterSession.swift in Sources */,
				FB06D75D29F74AD800E2E26B /* Sport.swift in Sources */,
				FB06D77329F8747300E2E26B /* LudiLoginViewController.swift in Sources */,
				FB06D73C29F7098E00E2E26B /* RealmInstance.swift in Sources */,
				FB06D74029F7101400E2E26B /* LudiSystem.swift in Sources */,
				FB41557229FA30CF000DC692 /* FireData.swift in Sources */,
				FB41556929F8F48D000DC692 /* ProviderLoginViewController.swift in Sources */,
				FB41556B29F8FA9B000DC692 /* Extensions.swift in Sources */,
				FB06D73E29F70FBA00E2E26B /* User.swift in Sources */,
				FB06D73829F7086F00E2E26B /* AuthController.swift in Sources */,
				FB06D71D29F7029E00E2E26B /* AppDelegate.swift in Sources */,
				FB06D74329F710DD00E2E26B /* DateTime.swift in Sources */,
				FB06D75B29F74AD500E2E26B /* Service.swift in Sources */,
				FB06D74929F7111500E2E26B /* Player.swift in Sources */,
				FB06D74529F7110300E2E26B /* Coach.swift in Sources */,
				FB06D76129F74AFF00E2E26B /* CustomAttribute.swift in Sources */,
				FB06D76C29F7547600E2E26B /* TeamSession.swift in Sources */,
				FB06D75729F74A9200E2E26B /* Organization.swift in Sources */,
				FB06D74729F7110C00E2E26B /* Parent.swift in Sources */,
				FB06D74F29F74A8B00E2E26B /* Roster.swift in Sources */,
				78F51E302A0E9EAD003D83A0 /* FireTeam.swift in Sources */,
				FB06D71F29F7029E00E2E26B /* SceneDelegate.swift in Sources */,
				FB06D77B29F87EBE00E2E26B /* DashboardViewController.swift in Sources */,
			);
			runOnlyForDeploymentPostprocessing = 0;
		};
/* End PBXSourcesBuildPhase section */

/* Begin PBXVariantGroup section */
		FB06D72229F7029E00E2E26B /* Main.storyboard */ = {
			isa = PBXVariantGroup;
			children = (
				FB06D72329F7029E00E2E26B /* Base */,
			);
			name = Main.storyboard;
			sourceTree = "<group>";
		};
		FB06D72729F7029F00E2E26B /* LaunchScreen.storyboard */ = {
			isa = PBXVariantGroup;
			children = (
				FB06D72829F7029F00E2E26B /* Base */,
			);
			name = LaunchScreen.storyboard;
			sourceTree = "<group>";
		};
/* End PBXVariantGroup section */

/* Begin XCBuildConfiguration section */
		FB06D72B29F7029F00E2E26B /* Debug */ = {
			isa = XCBuildConfiguration;
			buildSettings = {
				ALWAYS_SEARCH_USER_PATHS = NO;
				CLANG_ANALYZER_NONNULL = YES;
				CLANG_ANALYZER_NUMBER_OBJECT_CONVERSION = YES_AGGRESSIVE;
				CLANG_CXX_LANGUAGE_STANDARD = "gnu++20";
				CLANG_ENABLE_MODULES = YES;
				CLANG_ENABLE_OBJC_ARC = YES;
				CLANG_ENABLE_OBJC_WEAK = YES;
				CLANG_WARN_BLOCK_CAPTURE_AUTORELEASING = YES;
				CLANG_WARN_BOOL_CONVERSION = YES;
				CLANG_WARN_COMMA = YES;
				CLANG_WARN_CONSTANT_CONVERSION = YES;
				CLANG_WARN_DEPRECATED_OBJC_IMPLEMENTATIONS = YES;
				CLANG_WARN_DIRECT_OBJC_ISA_USAGE = YES_ERROR;
				CLANG_WARN_DOCUMENTATION_COMMENTS = YES;
				CLANG_WARN_EMPTY_BODY = YES;
				CLANG_WARN_ENUM_CONVERSION = YES;
				CLANG_WARN_INFINITE_RECURSION = YES;
				CLANG_WARN_INT_CONVERSION = YES;
				CLANG_WARN_NON_LITERAL_NULL_CONVERSION = YES;
				CLANG_WARN_OBJC_IMPLICIT_RETAIN_SELF = YES;
				CLANG_WARN_OBJC_LITERAL_CONVERSION = YES;
				CLANG_WARN_OBJC_ROOT_CLASS = YES_ERROR;
				CLANG_WARN_QUOTED_INCLUDE_IN_FRAMEWORK_HEADER = YES;
				CLANG_WARN_RANGE_LOOP_ANALYSIS = YES;
				CLANG_WARN_STRICT_PROTOTYPES = YES;
				CLANG_WARN_SUSPICIOUS_MOVE = YES;
				CLANG_WARN_UNGUARDED_AVAILABILITY = YES_AGGRESSIVE;
				CLANG_WARN_UNREACHABLE_CODE = YES;
				CLANG_WARN__DUPLICATE_METHOD_MATCH = YES;
				COPY_PHASE_STRIP = NO;
				DEBUG_INFORMATION_FORMAT = dwarf;
				ENABLE_STRICT_OBJC_MSGSEND = YES;
				ENABLE_TESTABILITY = YES;
				GCC_C_LANGUAGE_STANDARD = gnu11;
				GCC_DYNAMIC_NO_PIC = NO;
				GCC_NO_COMMON_BLOCKS = YES;
				GCC_OPTIMIZATION_LEVEL = 0;
				GCC_PREPROCESSOR_DEFINITIONS = (
					"DEBUG=1",
					"$(inherited)",
				);
				GCC_WARN_64_TO_32_BIT_CONVERSION = YES;
				GCC_WARN_ABOUT_RETURN_TYPE = YES_ERROR;
				GCC_WARN_UNDECLARED_SELECTOR = YES;
				GCC_WARN_UNINITIALIZED_AUTOS = YES_AGGRESSIVE;
				GCC_WARN_UNUSED_FUNCTION = YES;
				GCC_WARN_UNUSED_VARIABLE = YES;
				IPHONEOS_DEPLOYMENT_TARGET = 16.2;
				MTL_ENABLE_DEBUG_INFO = INCLUDE_SOURCE;
				MTL_FAST_MATH = YES;
				ONLY_ACTIVE_ARCH = YES;
				SDKROOT = iphoneos;
				SWIFT_ACTIVE_COMPILATION_CONDITIONS = DEBUG;
				SWIFT_OPTIMIZATION_LEVEL = "-Onone";
			};
			name = Debug;
		};
		FB06D72C29F7029F00E2E26B /* Release */ = {
			isa = XCBuildConfiguration;
			buildSettings = {
				ALWAYS_SEARCH_USER_PATHS = NO;
				CLANG_ANALYZER_NONNULL = YES;
				CLANG_ANALYZER_NUMBER_OBJECT_CONVERSION = YES_AGGRESSIVE;
				CLANG_CXX_LANGUAGE_STANDARD = "gnu++20";
				CLANG_ENABLE_MODULES = YES;
				CLANG_ENABLE_OBJC_ARC = YES;
				CLANG_ENABLE_OBJC_WEAK = YES;
				CLANG_WARN_BLOCK_CAPTURE_AUTORELEASING = YES;
				CLANG_WARN_BOOL_CONVERSION = YES;
				CLANG_WARN_COMMA = YES;
				CLANG_WARN_CONSTANT_CONVERSION = YES;
				CLANG_WARN_DEPRECATED_OBJC_IMPLEMENTATIONS = YES;
				CLANG_WARN_DIRECT_OBJC_ISA_USAGE = YES_ERROR;
				CLANG_WARN_DOCUMENTATION_COMMENTS = YES;
				CLANG_WARN_EMPTY_BODY = YES;
				CLANG_WARN_ENUM_CONVERSION = YES;
				CLANG_WARN_INFINITE_RECURSION = YES;
				CLANG_WARN_INT_CONVERSION = YES;
				CLANG_WARN_NON_LITERAL_NULL_CONVERSION = YES;
				CLANG_WARN_OBJC_IMPLICIT_RETAIN_SELF = YES;
				CLANG_WARN_OBJC_LITERAL_CONVERSION = YES;
				CLANG_WARN_OBJC_ROOT_CLASS = YES_ERROR;
				CLANG_WARN_QUOTED_INCLUDE_IN_FRAMEWORK_HEADER = YES;
				CLANG_WARN_RANGE_LOOP_ANALYSIS = YES;
				CLANG_WARN_STRICT_PROTOTYPES = YES;
				CLANG_WARN_SUSPICIOUS_MOVE = YES;
				CLANG_WARN_UNGUARDED_AVAILABILITY = YES_AGGRESSIVE;
				CLANG_WARN_UNREACHABLE_CODE = YES;
				CLANG_WARN__DUPLICATE_METHOD_MATCH = YES;
				COPY_PHASE_STRIP = NO;
				DEBUG_INFORMATION_FORMAT = "dwarf-with-dsym";
				ENABLE_NS_ASSERTIONS = NO;
				ENABLE_STRICT_OBJC_MSGSEND = YES;
				GCC_C_LANGUAGE_STANDARD = gnu11;
				GCC_NO_COMMON_BLOCKS = YES;
				GCC_WARN_64_TO_32_BIT_CONVERSION = YES;
				GCC_WARN_ABOUT_RETURN_TYPE = YES_ERROR;
				GCC_WARN_UNDECLARED_SELECTOR = YES;
				GCC_WARN_UNINITIALIZED_AUTOS = YES_AGGRESSIVE;
				GCC_WARN_UNUSED_FUNCTION = YES;
				GCC_WARN_UNUSED_VARIABLE = YES;
				IPHONEOS_DEPLOYMENT_TARGET = 16.2;
				MTL_ENABLE_DEBUG_INFO = NO;
				MTL_FAST_MATH = YES;
				SDKROOT = iphoneos;
				SWIFT_COMPILATION_MODE = wholemodule;
				SWIFT_OPTIMIZATION_LEVEL = "-O";
				VALIDATE_PRODUCT = YES;
			};
			name = Release;
		};
		FB06D72E29F7029F00E2E26B /* Debug */ = {
			isa = XCBuildConfiguration;
			baseConfigurationReference = BB0027EB78E0697BF0701676 /* Pods-Ludi Sports.debug.xcconfig */;
			buildSettings = {
				ASSETCATALOG_COMPILER_APPICON_NAME = AppIcon;
				ASSETCATALOG_COMPILER_GLOBAL_ACCENT_COLOR_NAME = AccentColor;
				CODE_SIGN_STYLE = Automatic;
				CURRENT_PROJECT_VERSION = 1;
				DEVELOPMENT_TEAM = "";
				GENERATE_INFOPLIST_FILE = YES;
				INFOPLIST_FILE = "Ludi Sports/Info.plist";
				INFOPLIST_KEY_UIApplicationSupportsIndirectInputEvents = YES;
				INFOPLIST_KEY_UILaunchStoryboardName = LaunchScreen;
				INFOPLIST_KEY_UIMainStoryboardFile = Main;
				INFOPLIST_KEY_UISupportedInterfaceOrientations_iPad = "UIInterfaceOrientationPortrait UIInterfaceOrientationPortraitUpsideDown UIInterfaceOrientationLandscapeLeft UIInterfaceOrientationLandscapeRight";
				INFOPLIST_KEY_UISupportedInterfaceOrientations_iPhone = "UIInterfaceOrientationPortrait UIInterfaceOrientationLandscapeLeft UIInterfaceOrientationLandscapeRight";
				LD_RUNPATH_SEARCH_PATHS = (
					"$(inherited)",
					"@executable_path/Frameworks",
				);
				MARKETING_VERSION = 1.0;
				PRODUCT_BUNDLE_IDENTIFIER = io.usys.report;
				PRODUCT_NAME = "$(TARGET_NAME)";
				SWIFT_EMIT_LOC_STRINGS = YES;
				SWIFT_VERSION = 5.0;
				TARGETED_DEVICE_FAMILY = "1,2";
			};
			name = Debug;
		};
		FB06D72F29F7029F00E2E26B /* Release */ = {
			isa = XCBuildConfiguration;
			baseConfigurationReference = AB98E4A186E52EEF5BC87B8E /* Pods-Ludi Sports.release.xcconfig */;
			buildSettings = {
				ASSETCATALOG_COMPILER_APPICON_NAME = AppIcon;
				ASSETCATALOG_COMPILER_GLOBAL_ACCENT_COLOR_NAME = AccentColor;
				CODE_SIGN_STYLE = Automatic;
				CURRENT_PROJECT_VERSION = 1;
				DEVELOPMENT_TEAM = "";
				GENERATE_INFOPLIST_FILE = YES;
				INFOPLIST_FILE = "Ludi Sports/Info.plist";
				INFOPLIST_KEY_UIApplicationSupportsIndirectInputEvents = YES;
				INFOPLIST_KEY_UILaunchStoryboardName = LaunchScreen;
				INFOPLIST_KEY_UIMainStoryboardFile = Main;
				INFOPLIST_KEY_UISupportedInterfaceOrientations_iPad = "UIInterfaceOrientationPortrait UIInterfaceOrientationPortraitUpsideDown UIInterfaceOrientationLandscapeLeft UIInterfaceOrientationLandscapeRight";
				INFOPLIST_KEY_UISupportedInterfaceOrientations_iPhone = "UIInterfaceOrientationPortrait UIInterfaceOrientationLandscapeLeft UIInterfaceOrientationLandscapeRight";
				LD_RUNPATH_SEARCH_PATHS = (
					"$(inherited)",
					"@executable_path/Frameworks",
				);
				MARKETING_VERSION = 1.0;
				PRODUCT_BUNDLE_IDENTIFIER = io.usys.report;
				PRODUCT_NAME = "$(TARGET_NAME)";
				SWIFT_EMIT_LOC_STRINGS = YES;
				SWIFT_VERSION = 5.0;
				TARGETED_DEVICE_FAMILY = "1,2";
			};
			name = Release;
		};
/* End XCBuildConfiguration section */

/* Begin XCConfigurationList section */
		FB06D71429F7029E00E2E26B /* Build configuration list for PBXProject "Ludi Sports" */ = {
			isa = XCConfigurationList;
			buildConfigurations = (
				FB06D72B29F7029F00E2E26B /* Debug */,
				FB06D72C29F7029F00E2E26B /* Release */,
			);
			defaultConfigurationIsVisible = 0;
			defaultConfigurationName = Release;
		};
		FB06D72D29F7029F00E2E26B /* Build configuration list for PBXNativeTarget "Ludi Sports" */ = {
			isa = XCConfigurationList;
			buildConfigurations = (
				FB06D72E29F7029F00E2E26B /* Debug */,
				FB06D72F29F7029F00E2E26B /* Release */,
			);
			defaultConfigurationIsVisible = 0;
			defaultConfigurationName = Release;
		};
/* End XCConfigurationList section */

/* Begin XCRemoteSwiftPackageReference section */
		FB06D73029F7044F00E2E26B /* XCRemoteSwiftPackageReference "realm-swift" */ = {
			isa = XCRemoteSwiftPackageReference;
			repositoryURL = "https://github.com/realm/realm-swift.git";
			requirement = {
				branch = master;
				kind = branch;
			};
		};
/* End XCRemoteSwiftPackageReference section */

/* Begin XCSwiftPackageProductDependency section */
		FB06D73129F7044F00E2E26B /* Realm */ = {
			isa = XCSwiftPackageProductDependency;
			package = FB06D73029F7044F00E2E26B /* XCRemoteSwiftPackageReference "realm-swift" */;
			productName = Realm;
		};
		FB06D73329F7044F00E2E26B /* RealmSwift */ = {
			isa = XCSwiftPackageProductDependency;
			package = FB06D73029F7044F00E2E26B /* XCRemoteSwiftPackageReference "realm-swift" */;
			productName = RealmSwift;
		};
/* End XCSwiftPackageProductDependency section */
	};
	rootObject = FB06D71129F7029E00E2E26B /* Project object */;
}
